
Microsoft Visual Studio Solution File, Format Version 12.00
# Visual Studio 15
VisualStudioVersion = 15.0.26124.0
MinimumVisualStudioVersion = 15.0.26124.0
Project("{2150E333-8FDC-42A3-9474-1A3956D46DE8}") = "src", "src", "{BC61726A-271E-4EB0-BFEA-77BC9AE48959}"
EndProject
Project("{F2A71F9B-5D33-465A-A702-920D77279786}") = "Interpreter", "src\Interpreter\Interpreter.fsproj", "{B2FAF8A2-C631-478C-8AC2-7DDD73EB31FE}"
EndProject
Project("{F2A71F9B-5D33-465A-A702-920D77279786}") = "Parser", "src\Parser\Parser.fsproj", "{4E56DD5E-6D26-4A41-808B-423E8A3057D3}"
EndProject
Global
	GlobalSection(SolutionConfigurationPlatforms) = preSolution
		Debug|Any CPU = Debug|Any CPU
		Debug|x64 = Debug|x64
		Debug|x86 = Debug|x86
		Release|Any CPU = Release|Any CPU
		Release|x64 = Release|x64
		Release|x86 = Release|x86
	EndGlobalSection
	GlobalSection(SolutionProperties) = preSolution
		HideSolutionNode = FALSE
	EndGlobalSection
	GlobalSection(ProjectConfigurationPlatforms) = postSolution
		{B2FAF8A2-C631-478C-8AC2-7DDD73EB31FE}.Debug|Any CPU.ActiveCfg = Debug|Any CPU
		{B2FAF8A2-C631-478C-8AC2-7DDD73EB31FE}.Debug|Any CPU.Build.0 = Debug|Any CPU
		{B2FAF8A2-C631-478C-8AC2-7DDD73EB31FE}.Debug|x64.ActiveCfg = Debug|Any CPU
		{B2FAF8A2-C631-478C-8AC2-7DDD73EB31FE}.Debug|x64.Build.0 = Debug|Any CPU
		{B2FAF8A2-C631-478C-8AC2-7DDD73EB31FE}.Debug|x86.ActiveCfg = Debug|Any CPU
		{B2FAF8A2-C631-478C-8AC2-7DDD73EB31FE}.Debug|x86.Build.0 = Debug|Any CPU
		{B2FAF8A2-C631-478C-8AC2-7DDD73EB31FE}.Release|Any CPU.ActiveCfg = Release|Any CPU
		{B2FAF8A2-C631-478C-8AC2-7DDD73EB31FE}.Release|Any CPU.Build.0 = Release|Any CPU
		{B2FAF8A2-C631-478C-8AC2-7DDD73EB31FE}.Release|x64.ActiveCfg = Release|Any CPU
		{B2FAF8A2-C631-478C-8AC2-7DDD73EB31FE}.Release|x64.Build.0 = Release|Any CPU
		{B2FAF8A2-C631-478C-8AC2-7DDD73EB31FE}.Release|x86.ActiveCfg = Release|Any CPU
		{B2FAF8A2-C631-478C-8AC2-7DDD73EB31FE}.Release|x86.Build.0 = Release|Any CPU
		{4E56DD5E-6D26-4A41-808B-423E8A3057D3}.Debug|Any CPU.ActiveCfg = Debug|Any CPU
		{4E56DD5E-6D26-4A41-808B-423E8A3057D3}.Debug|Any CPU.Build.0 = Debug|Any CPU
		{4E56DD5E-6D26-4A41-808B-423E8A3057D3}.Debug|x64.ActiveCfg = Debug|Any CPU
		{4E56DD5E-6D26-4A41-808B-423E8A3057D3}.Debug|x64.Build.0 = Debug|Any CPU
		{4E56DD5E-6D26-4A41-808B-423E8A3057D3}.Debug|x86.ActiveCfg = Debug|Any CPU
		{4E56DD5E-6D26-4A41-808B-423E8A3057D3}.Debug|x86.Build.0 = Debug|Any CPU
		{4E56DD5E-6D26-4A41-808B-423E8A3057D3}.Release|Any CPU.ActiveCfg = Release|Any CPU
		{4E56DD5E-6D26-4A41-808B-423E8A3057D3}.Release|Any CPU.Build.0 = Release|Any CPU
		{4E56DD5E-6D26-4A41-808B-423E8A3057D3}.Release|x64.ActiveCfg = Release|Any CPU
		{4E56DD5E-6D26-4A41-808B-423E8A3057D3}.Release|x64.Build.0 = Release|Any CPU
		{4E56DD5E-6D26-4A41-808B-423E8A3057D3}.Release|x86.ActiveCfg = Release|Any CPU
		{4E56DD5E-6D26-4A41-808B-423E8A3057D3}.Release|x86.Build.0 = Release|Any CPU
	EndGlobalSection
	GlobalSection(NestedProjects) = preSolution
		{B2FAF8A2-C631-478C-8AC2-7DDD73EB31FE} = {BC61726A-271E-4EB0-BFEA-77BC9AE48959}
		{4E56DD5E-6D26-4A41-808B-423E8A3057D3} = {BC61726A-271E-4EB0-BFEA-77BC9AE48959}
	EndGlobalSection
EndGlobal
